// !$*UTF8*$!
{
	archiveVersion = 1;
	classes = {
	};
	objectVersion = 77;
	objects = {

/* Begin PBXBuildFile section */
		266E18263036E40A00A58704 /* CurrencyConvertAppApp.swift in Sources */ = {isa = PBXBuildFile; fileRef = 266E18233036E40A00A58704 /* CurrencyConvertAppApp.swift */; };
		266E18273036E40A00A58704 /* Assets.xcassets in Resources */ = {isa = PBXBuildFile; fileRef = 266E18213036E40A00A58704 /* Assets.xcassets */; };
		266E18303036E50300A58704 /* ColorAssets.xcassets in Resources */ = {isa = PBXBuildFile; fileRef = 266E182F3036E50300A58704 /* ColorAssets.xcassets */; };
		266E18323036E66900A58704 /* SplashScreenView.swift in Sources */ = {isa = PBXBuildFile; fileRef = 266E18313036E66900A58704 /* SplashScreenView.swift */; };
		2682F28D30371560008E5F27 /* CurrancyListModel.swift in Sources */ = {isa = PBXBuildFile; fileRef = 2682F28C30371560008E5F27 /* CurrancyListModel.swift */; };
		2682F29030371590008E5F27 /* Enums.swift in Sources */ = {isa = PBXBuildFile; fileRef = 2682F28F30371590008E5F27 /* Enums.swift */; };
		2682F29B30371DEB008E5F27 /* ExchangeRateResponseModel.swift in Sources */ = {isa = PBXBuildFile; fileRef = 2682F29A30371DEB008E5F27 /* ExchangeRateResponseModel.swift */; };
		2682F29D30371E0C008E5F27 /* ExchangeRateService.swift in Sources */ = {isa = PBXBuildFile; fileRef = 2682F29C30371E0C008E5F27 /* ExchangeRateService.swift */; };
		2682F29F30371E2D008E5F27 /* HomeViewModel.swift in Sources */ = {isa = PBXBuildFile; fileRef = 2682F29E30371E2D008E5F27 /* HomeViewModel.swift */; };
		2682F2A130371E5C008E5F27 /* HistoryRowView.swift in Sources */ = {isa = PBXBuildFile; fileRef = 2682F2A030371E5C008E5F27 /* HistoryRowView.swift */; };
		2682F2A33037261D008E5F27 /* HistoryItemModel.swift in Sources */ = {isa = PBXBuildFile; fileRef = 2682F2A23037261D008E5F27 /* HistoryItemModel.swift */; };
		2682F2A63037284F008E5F27 /* IconButton.swift in Sources */ = {isa = PBXBuildFile; fileRef = 2682F2A53037284F008E5F27 /* IconButton.swift */; };
		2682F2A8303728B3008E5F27 /* ActionButton.swift in Sources */ = {isa = PBXBuildFile; fileRef = 2682F2A7303728B3008E5F27 /* ActionButton.swift */; };
		26DB411C3036F82B008AA330 /* OnBoadScreenView.swift in Sources */ = {isa = PBXBuildFile; fileRef = 26DB411B3036F82B008AA330 /* OnBoadScreenView.swift */; };
		26DB411F3036F949008AA330 /* SplashScreenViewModel.swift in Sources */ = {isa = PBXBuildFile; fileRef = 26DB411E3036F949008AA330 /* SplashScreenViewModel.swift */; };
		26DB4128303701B6008AA330 /* Font+Extension .swift in Sources */ = {isa = PBXBuildFile; fileRef = 26DB4127303701B6008AA330 /* Font+Extension .swift */; };
		26DB412A30370216008AA330 /* Text+Extension.swift in Sources */ = {isa = PBXBuildFile; fileRef = 26DB412930370216008AA330 /* Text+Extension.swift */; };
		26DB412C3037039E008AA330 /* OnBoradingScreenViewModel.swift in Sources */ = {isa = PBXBuildFile; fileRef = 26DB412B3037039E008AA330 /* OnBoradingScreenViewModel.swift */; };
		26DB413030370FA6008AA330 /* HomeView.swift in Sources */ = {isa = PBXBuildFile; fileRef = 26DB412F30370FA6008AA330 /* HomeView.swift */; };
		916AC7EF8277E2B35F06331D /* Pods_CurrencyConvertApp.framework in Frameworks */ = {isa = PBXBuildFile; fileRef = C462C0D84ACCB3F805EC5D2F /* Pods_CurrencyConvertApp.framework */; };
/* End PBXBuildFile section */

/* Begin PBXFileReference section */
		266E18133036E3D700A58704 /* CurrencyConvertApp.app */ = {isa = PBXFileReference; explicitFileType = wrapper.application; includeInIndex = 0; path = CurrencyConvertApp.app; sourceTree = BUILT_PRODUCTS_DIR; };
		266E18213036E40A00A58704 /* Assets.xcassets */ = {isa = PBXFileReference; lastKnownFileType = folder.assetcatalog; path = Assets.xcassets; sourceTree = "<group>"; };
		266E18233036E40A00A58704 /* CurrencyConvertAppApp.swift */ = {isa = PBXFileReference; lastKnownFileType = sourcecode.swift; path = CurrencyConvertAppApp.swift; sourceTree = "<group>"; };
		266E182F3036E50300A58704 /* ColorAssets.xcassets */ = {isa = PBXFileReference; lastKnownFileType = folder.assetcatalog; path = ColorAssets.xcassets; sourceTree = "<group>"; };
		266E18313036E66900A58704 /* SplashScreenView.swift */ = {isa = PBXFileReference; lastKnownFileType = sourcecode.swift; path = SplashScreenView.swift; sourceTree = "<group>"; };
		2682F28C30371560008E5F27 /* CurrancyListModel.swift */ = {isa = PBXFileReference; lastKnownFileType = sourcecode.swift; path = CurrancyListModel.swift; sourceTree = "<group>"; };
		2682F28F30371590008E5F27 /* Enums.swift */ = {isa = PBXFileReference; lastKnownFileType = sourcecode.swift; path = Enums.swift; sourceTree = "<group>"; };
		2682F29A30371DEB008E5F27 /* ExchangeRateResponseModel.swift */ = {isa = PBXFileReference; lastKnownFileType = sourcecode.swift; path = ExchangeRateResponseModel.swift; sourceTree = "<group>"; };
		2682F29C30371E0C008E5F27 /* ExchangeRateService.swift */ = {isa = PBXFileReference; lastKnownFileType = sourcecode.swift; path = ExchangeRateService.swift; sourceTree = "<group>"; };
		2682F29E30371E2D008E5F27 /* HomeViewModel.swift */ = {isa = PBXFileReference; lastKnownFileType = sourcecode.swift; path = HomeViewModel.swift; sourceTree = "<group>"; };
		2682F2A030371E5C008E5F27 /* HistoryRowView.swift */ = {isa = PBXFileReference; lastKnownFileType = sourcecode.swift; path = HistoryRowView.swift; sourceTree = "<group>"; };
		2682F2A23037261D008E5F27 /* HistoryItemModel.swift */ = {isa = PBXFileReference; lastKnownFileType = sourcecode.swift; path = HistoryItemModel.swift; sourceTree = "<group>"; };
		2682F2A53037284F008E5F27 /* IconButton.swift */ = {isa = PBXFileReference; lastKnownFileType = sourcecode.swift; path = IconButton.swift; sourceTree = "<group>"; };
		2682F2A7303728B3008E5F27 /* ActionButton.swift */ = {isa = PBXFileReference; lastKnownFileType = sourcecode.swift; path = ActionButton.swift; sourceTree = "<group>"; };
		26DB411B3036F82B008AA330 /* OnBoadScreenView.swift */ = {isa = PBXFileReference; lastKnownFileType = sourcecode.swift; path = OnBoadScreenView.swift; sourceTree = "<group>"; };
		26DB411E3036F949008AA330 /* SplashScreenViewModel.swift */ = {isa = PBXFileReference; lastKnownFileType = sourcecode.swift; path = SplashScreenViewModel.swift; sourceTree = "<group>"; };
		26DB4127303701B6008AA330 /* Font+Extension .swift */ = {isa = PBXFileReference; lastKnownFileType = sourcecode.swift; path = "Font+Extension .swift"; sourceTree = "<group>"; };
		26DB412930370216008AA330 /* Text+Extension.swift */ = {isa = PBXFileReference; lastKnownFileType = sourcecode.swift; path = "Text+Extension.swift"; sourceTree = "<group>"; };
		26DB412B3037039E008AA330 /* OnBoradingScreenViewModel.swift */ = {isa = PBXFileReference; lastKnownFileType = sourcecode.swift; path = OnBoradingScreenViewModel.swift; sourceTree = "<group>"; };
		26DB412F30370FA6008AA330 /* HomeView.swift */ = {isa = PBXFileReference; lastKnownFileType = sourcecode.swift; path = HomeView.swift; sourceTree = "<group>"; };
		75E630A59890E759DFD175DE /* Pods-CurrencyConvertApp.release.xcconfig */ = {isa = PBXFileReference; includeInIndex = 1; lastKnownFileType = text.xcconfig; name = "Pods-CurrencyConvertApp.release.xcconfig"; path = "Target Support Files/Pods-CurrencyConvertApp/Pods-CurrencyConvertApp.release.xcconfig"; sourceTree = "<group>"; };
		C462C0D84ACCB3F805EC5D2F /* Pods_CurrencyConvertApp.framework */ = {isa = PBXFileReference; explicitFileType = wrapper.framework; includeInIndex = 0; path = Pods_CurrencyConvertApp.framework; sourceTree = BUILT_PRODUCTS_DIR; };
		F988F356712C687F2FD4C421 /* Pods-CurrencyConvertApp.debug.xcconfig */ = {isa = PBXFileReference; includeInIndex = 1; lastKnownFileType = text.xcconfig; name = "Pods-CurrencyConvertApp.debug.xcconfig"; path = "Target Support Files/Pods-CurrencyConvertApp/Pods-CurrencyConvertApp.debug.xcconfig"; sourceTree = "<group>"; };
/* End PBXFileReference section */

/* Begin PBXFrameworksBuildPhase section */
		266E18103036E3D700A58704 /* Frameworks */ = {
			isa = PBXFrameworksBuildPhase;
			buildActionMask = 2147483647;
			files = (
				916AC7EF8277E2B35F06331D /* Pods_CurrencyConvertApp.framework in Frameworks */,
			);
			runOnlyForDeploymentPostprocessing = 0;
		};
/* End PBXFrameworksBuildPhase section */

/* Begin PBXGroup section */
		266E180A3036E3D700A58704 = {
			isa = PBXGroup;
			children = (
				266E18243036E40A00A58704 /* CurrencyConvertApp */,
				266E18143036E3D700A58704 /* Products */,
				7AA7CE068A32CAF9F647E589 /* Pods */,
				77C80FB0DF70CC3AC3CCDB82 /* Frameworks */,
			);
			sourceTree = "<group>";
		};
		266E18143036E3D700A58704 /* Products */ = {
			isa = PBXGroup;
			children = (
				266E18133036E3D700A58704 /* CurrencyConvertApp.app */,
			);
			name = Products;
			sourceTree = "<group>";
		};
		266E18243036E40A00A58704 /* CurrencyConvertApp */ = {
			isa = PBXGroup;
			children = (
				266E182D3036E4E400A58704 /* App */,
				266E182C3036E4D900A58704 /* Config */,
				2682F29330371659008E5F27 /* Servics */,
				266E182B3036E4C300A58704 /* Utilities */,
				266E182A3036E4BE00A58704 /* Model */,
				266E18283036E4A300A58704 /* View */,
				266E18293036E4B600A58704 /* ViewModel */,
			);
			path = CurrencyConvertApp;
			sourceTree = "<group>";
		};
		266E18283036E4A300A58704 /* View */ = {
			isa = PBXGroup;
			children = (
				266E18313036E66900A58704 /* SplashScreenView.swift */,
				26DB411B3036F82B008AA330 /* OnBoadScreenView.swift */,
				26DB412F30370FA6008AA330 /* HomeView.swift */,
				2682F2A030371E5C008E5F27 /* HistoryRowView.swift */,
			);
			path = View;
			sourceTree = "<group>";
		};
		266E18293036E4B600A58704 /* ViewModel */ = {
			isa = PBXGroup;
			children = (
				26DB411E3036F949008AA330 /* SplashScreenViewModel.swift */,
				26DB412B3037039E008AA330 /* OnBoradingScreenViewModel.swift */,
				2682F29E30371E2D008E5F27 /* HomeViewModel.swift */,
			);
			path = ViewModel;
			sourceTree = "<group>";
		};
		266E182A3036E4BE00A58704 /* Model */ = {
			isa = PBXGroup;
			children = (
				2682F28C30371560008E5F27 /* CurrancyListModel.swift */,
				2682F29A30371DEB008E5F27 /* ExchangeRateResponseModel.swift */,
				2682F2A23037261D008E5F27 /* HistoryItemModel.swift */,
			);
			path = Model;
			sourceTree = "<group>";
		};
		266E182B3036E4C300A58704 /* Utilities */ = {
			isa = PBXGroup;
			children = (
				2682F2A430372837008E5F27 /* ReuseableView */,
				2682F28E30371587008E5F27 /* Helper */,
				26DB41203036FDEF008AA330 /* Exteations */,
			);
			path = Utilities;
			sourceTree = "<group>";
		};
		266E182C3036E4D900A58704 /* Config */ = {
			isa = PBXGroup;
			children = (
				266E182E3036E4E800A58704 /* Assets */,
			);
			path = Config;
			sourceTree = "<group>";
		};
		266E182D3036E4E400A58704 /* App */ = {
			isa = PBXGroup;
			children = (
				266E18233036E40A00A58704 /* CurrencyConvertAppApp.swift */,
			);
			path = App;
			sourceTree = "<group>";
		};
		266E182E3036E4E800A58704 /* Assets */ = {
			isa = PBXGroup;
			children = (
				266E18213036E40A00A58704 /* Assets.xcassets */,
				266E182F3036E50300A58704 /* ColorAssets.xcassets */,
			);
			path = Assets;
			sourceTree = "<group>";
		};
		2682F28E30371587008E5F27 /* Helper */ = {
			isa = PBXGroup;
			children = (
				2682F28F30371590008E5F27 /* Enums.swift */,
			);
			path = Helper;
			sourceTree = "<group>";
		};
		2682F29330371659008E5F27 /* Servics */ = {
			isa = PBXGroup;
			children = (
				2682F29C30371E0C008E5F27 /* ExchangeRateService.swift */,
			);
			path = Servics;
			sourceTree = "<group>";
		};
		2682F2A430372837008E5F27 /* ReuseableView */ = {
			isa = PBXGroup;
			children = (
				2682F2A53037284F008E5F27 /* IconButton.swift */,
				2682F2A7303728B3008E5F27 /* ActionButton.swift */,
			);
			path = ReuseableView;
			sourceTree = "<group>";
		};
		26DB41203036FDEF008AA330 /* Exteations */ = {
			isa = PBXGroup;
			children = (
				26DB4127303701B6008AA330 /* Font+Extension .swift */,
				26DB412930370216008AA330 /* Text+Extension.swift */,
			);
			path = Exteations;
			sourceTree = "<group>";
		};
		77C80FB0DF70CC3AC3CCDB82 /* Frameworks */ = {
			isa = PBXGroup;
			children = (
				C462C0D84ACCB3F805EC5D2F /* Pods_CurrencyConvertApp.framework */,
			);
			name = Frameworks;
			sourceTree = "<group>";
		};
		7AA7CE068A32CAF9F647E589 /* Pods */ = {
			isa = PBXGroup;
			children = (
				F988F356712C687F2FD4C421 /* Pods-CurrencyConvertApp.debug.xcconfig */,
				75E630A59890E759DFD175DE /* Pods-CurrencyConvertApp.release.xcconfig */,
			);
			path = Pods;
			sourceTree = "<group>";
		};
/* End PBXGroup section */

/* Begin PBXNativeTarget section */
		266E18123036E3D700A58704 /* CurrencyConvertApp */ = {
			isa = PBXNativeTarget;
			buildConfigurationList = 266E181E3036E3D800A58704 /* Build configuration list for PBXNativeTarget "CurrencyConvertApp" */;
			buildPhases = (
				FCB7B894379B9478E7E80B7F /* [CP] Check Pods Manifest.lock */,
				266E180F3036E3D700A58704 /* Sources */,
				266E18103036E3D700A58704 /* Frameworks */,
				266E18113036E3D700A58704 /* Resources */,
				A7FD7A0D1B25B4F183AB191C /* [CP] Embed Pods Frameworks */,
			);
			buildRules = (
			);
			dependencies = (
			);
			name = CurrencyConvertApp;
			productName = CurrencyConvertApp;
			productReference = 266E18133036E3D700A58704 /* CurrencyConvertApp.app */;
			productType = "com.apple.product-type.application";
		};
/* End PBXNativeTarget section */

/* Begin PBXProject section */
		266E180B3036E3D700A58704 /* Project object */ = {
			isa = PBXProject;
			attributes = {
				BuildIndependentTargetsInParallel = 1;
				LastSwiftUpdateCheck = 2660;
				LastUpgradeCheck = 2660;
				TargetAttributes = {
					266E18123036E3D700A58704 = {
						CreatedOnToolsVersion = 26.6;
					};
				};
			};
			buildConfigurationList = 266E180E3036E3D700A58704 /* Build configuration list for PBXProject "CurrencyConvertApp" */;
			developmentRegion = en;
			hasScannedForEncodings = 0;
			knownRegions = (
				en,
				Base,
			);
			mainGroup = 266E180A3036E3D700A58704;
			minimizedProjectReferenceProxies = 1;
			preferredProjectObjectVersion = 77;
			productRefGroup = 266E18143036E3D700A58704 /* Products */;
			projectDirPath = "";
			projectRoot = "";
			targets = (
				266E18123036E3D700A58704 /* CurrencyConvertApp */,
			);
		};
/* End PBXProject section */

/* Begin PBXResourcesBuildPhase section */
		266E18113036E3D700A58704 /* Resources */ = {
			isa = PBXResourcesBuildPhase;
			buildActionMask = 2147483647;
			files = (
				266E18303036E50300A58704 /* ColorAssets.xcassets in Resources */,
				266E18273036E40A00A58704 /* Assets.xcassets in Resources */,
			);
			runOnlyForDeploymentPostprocessing = 0;
		};
/* End PBXResourcesBuildPhase section */

/* Begin PBXShellScriptBuildPhase section */
		A7FD7A0D1B25B4F183AB191C /* [CP] Embed Pods Frameworks */ = {
			isa = PBXShellScriptBuildPhase;
			buildActionMask = 2147483647;
			files = (
			);
			inputFileListPaths = (
				"${PODS_ROOT}/Target Support Files/Pods-CurrencyConvertApp/Pods-CurrencyConvertApp-frameworks-${CONFIGURATION}-input-files.xcfilelist",
			);
			inputPaths = (
			);
			name = "[CP] Embed Pods Frameworks";
			outputFileListPaths = (
				"${PODS_ROOT}/Target Support Files/Pods-CurrencyConvertApp/Pods-CurrencyConvertApp-frameworks-${CONFIGURATION}-output-files.xcfilelist",
			);
			outputPaths = (
			);
			runOnlyForDeploymentPostprocessing = 0;
			shellPath = /bin/sh;
			shellScript = "\"${PODS_ROOT}/Target Support Files/Pods-CurrencyConvertApp/Pods-CurrencyConvertApp-frameworks.sh\"\n";
			showEnvVarsInLog = 0;
		};
		FCB7B894379B9478E7E80B7F /* [CP] Check Pods Manifest.lock */ = {
			isa = PBXShellScriptBuildPhase;
			buildActionMask = 2147483647;
			files = (
			);
			inputFileListPaths = (
			);
			inputPaths = (
				"${PODS_PODFILE_DIR_PATH}/Podfile.lock",
				"${PODS_ROOT}/Manifest.lock",
			);
			name = "[CP] Check Pods Manifest.lock";
			outputFileListPaths = (
			);
			outputPaths = (
				"$(DERIVED_FILE_DIR)/Pods-CurrencyConvertApp-checkManifestLockResult.txt",
			);
			runOnlyForDeploymentPostprocessing = 0;
			shellPath = /bin/sh;
			shellScript = "diff \"${PODS_PODFILE_DIR_PATH}/Podfile.lock\" \"${PODS_ROOT}/Manifest.lock\" > /dev/null\nif [ $? != 0 ] ; then\n    # print error to STDERR\n    echo \"error: The sandbox is not in sync with the Podfile.lock. Run 'pod install' or update your CocoaPods installation.\" >&2\n    exit 1\nfi\n# This output is used by Xcode 'outputs' to avoid re-running this script phase.\necho \"SUCCESS\" > \"${SCRIPT_OUTPUT_FILE_0}\"\n";
			showEnvVarsInLog = 0;
		};
/* End PBXShellScriptBuildPhase section */

/* Begin PBXSourcesBuildPhase section */
		266E180F3036E3D700A58704 /* Sources */ = {
			isa = PBXSourcesBuildPhase;
			buildActionMask = 2147483647;
			files = (
				2682F2A63037284F008E5F27 /* IconButton.swift in Sources */,
				2682F29D30371E0C008E5F27 /* ExchangeRateService.swift in Sources */,
				26DB412A30370216008AA330 /* Text+Extension.swift in Sources */,
				26DB412C3037039E008AA330 /* OnBoradingScreenViewModel.swift in Sources */,
				266E18263036E40A00A58704 /* CurrencyConvertAppApp.swift in Sources */,
				26DB411F3036F949008AA330 /* SplashScreenViewModel.swift in Sources */,
				26DB4128303701B6008AA330 /* Font+Extension .swift in Sources */,
				2682F2A8303728B3008E5F27 /* ActionButton.swift in Sources */,
				26DB413030370FA6008AA330 /* HomeView.swift in Sources */,
				26DB411C3036F82B008AA330 /* OnBoadScreenView.swift in Sources */,
				2682F2A33037261D008E5F27 /* HistoryItemModel.swift in Sources */,
				2682F29F30371E2D008E5F27 /* HomeViewModel.swift in Sources */,
				2682F28D30371560008E5F27 /* CurrancyListModel.swift in Sources */,
				2682F29B30371DEB008E5F27 /* ExchangeRateResponseModel.swift in Sources */,
				266E18323036E66900A58704 /* SplashScreenView.swift in Sources */,
				2682F2A130371E5C008E5F27 /* HistoryRowView.swift in Sources */,
				2682F29030371590008E5F27 /* Enums.swift in Sources */,
			);
			runOnlyForDeploymentPostprocessing = 0;
		};
/* End PBXSourcesBuildPhase section */

/* Begin XCBuildConfiguration section */
		266E181C3036E3D800A58704 /* Debug */ = {
			isa = XCBuildConfiguration;
			buildSettings = {
				ALWAYS_SEARCH_USER_PATHS = NO;
				ASSETCATALOG_COMPILER_GENERATE_SWIFT_ASSET_SYMBOL_EXTENSIONS = YES;
				CLANG_ANALYZER_NONNULL = YES;
				CLANG_ANALYZER_NUMBER_OBJECT_CONVERSION = YES_AGGRESSIVE;
				CLANG_CXX_LANGUAGE_STANDARD = "gnu++20";
				CLANG_ENABLE_MODULES = YES;
				CLANG_ENABLE_OBJC_ARC = YES;
				CLANG_ENABLE_OBJC_WEAK = YES;
				CLANG_WARN_BLOCK_CAPTURE_AUTORELEASING = YES;
				CLANG_WARN_BOOL_CONVERSION = YES;
				CLANG_WARN_COMMA = YES;
				CLANG_WARN_CONSTANT_CONVERSION = YES;
				CLANG_WARN_DEPRECATED_OBJC_IMPLEMENTATIONS = YES;
				CLANG_WARN_DIRECT_OBJC_ISA_USAGE = YES_ERROR;
				CLANG_WARN_DOCUMENTATION_COMMENTS = YES;
				CLANG_WARN_EMPTY_BODY = YES;
				CLANG_WARN_ENUM_CONVERSION = YES;
				CLANG_WARN_INFINITE_RECURSION = YES;
				CLANG_WARN_INT_CONVERSION = YES;
				CLANG_WARN_NON_LITERAL_NULL_CONVERSION = YES;
				CLANG_WARN_OBJC_IMPLICIT_RETAIN_SELF = YES;
				CLANG_WARN_OBJC_LITERAL_CONVERSION = YES;
				CLANG_WARN_OBJC_ROOT_CLASS = YES_ERROR;
				CLANG_WARN_QUOTED_INCLUDE_IN_FRAMEWORK_HEADER = YES;
				CLANG_WARN_RANGE_LOOP_ANALYSIS = YES;
				CLANG_WARN_STRICT_PROTOTYPES = YES;
				CLANG_WARN_SUSPICIOUS_MOVE = YES;
				CLANG_WARN_UNGUARDED_AVAILABILITY = YES_AGGRESSIVE;
				CLANG_WARN_UNREACHABLE_CODE = YES;
				CLANG_WARN__DUPLICATE_METHOD_MATCH = YES;
				COPY_PHASE_STRIP = NO;
				DEBUG_INFORMATION_FORMAT = dwarf;
				ENABLE_STRICT_OBJC_MSGSEND = YES;
				ENABLE_TESTABILITY = YES;
				ENABLE_USER_SCRIPT_SANDBOXING = YES;
				GCC_C_LANGUAGE_STANDARD = gnu17;
				GCC_DYNAMIC_NO_PIC = NO;
				GCC_NO_COMMON_BLOCKS = YES;
				GCC_OPTIMIZATION_LEVEL = 0;
				GCC_PREPROCESSOR_DEFINITIONS = (
					"DEBUG=1",
					"$(inherited)",
				);
				GCC_WARN_64_TO_32_BIT_CONVERSION = YES;
				GCC_WARN_ABOUT_RETURN_TYPE = YES_ERROR;
				GCC_WARN_UNDECLARED_SELECTOR = YES;
				GCC_WARN_UNINITIALIZED_AUTOS = YES_AGGRESSIVE;
				GCC_WARN_UNUSED_FUNCTION = YES;
				GCC_WARN_UNUSED_VARIABLE = YES;
				LOCALIZATION_PREFERS_STRING_CATALOGS = YES;
				MTL_ENABLE_DEBUG_INFO = INCLUDE_SOURCE;
				MTL_FAST_MATH = YES;
				ONLY_ACTIVE_ARCH = YES;
				SWIFT_ACTIVE_COMPILATION_CONDITIONS = "DEBUG $(inherited)";
				SWIFT_OPTIMIZATION_LEVEL = "-Onone";
			};
			name = Debug;
		};
		266E181D3036E3D800A58704 /* Release */ = {
			isa = XCBuildConfiguration;
			buildSettings = {
				ALWAYS_SEARCH_USER_PATHS = NO;
				ASSETCATALOG_COMPILER_GENERATE_SWIFT_ASSET_SYMBOL_EXTENSIONS = YES;
				CLANG_ANALYZER_NONNULL = YES;
				CLANG_ANALYZER_NUMBER_OBJECT_CONVERSION = YES_AGGRESSIVE;
				CLANG_CXX_LANGUAGE_STANDARD = "gnu++20";
				CLANG_ENABLE_MODULES = YES;
				CLANG_ENABLE_OBJC_ARC = YES;
				CLANG_ENABLE_OBJC_WEAK = YES;
				CLANG_WARN_BLOCK_CAPTURE_AUTORELEASING = YES;
				CLANG_WARN_BOOL_CONVERSION = YES;
				CLANG_WARN_COMMA = YES;
				CLANG_WARN_CONSTANT_CONVERSION = YES;
				CLANG_WARN_DEPRECATED_OBJC_IMPLEMENTATIONS = YES;
				CLANG_WARN_DIRECT_OBJC_ISA_USAGE = YES_ERROR;
				CLANG_WARN_DOCUMENTATION_COMMENTS = YES;
				CLANG_WARN_EMPTY_BODY = YES;
				CLANG_WARN_ENUM_CONVERSION = YES;
				CLANG_WARN_INFINITE_RECURSION = YES;
				CLANG_WARN_INT_CONVERSION = YES;
				CLANG_WARN_NON_LITERAL_NULL_CONVERSION = YES;
				CLANG_WARN_OBJC_IMPLICIT_RETAIN_SELF = YES;
				CLANG_WARN_OBJC_LITERAL_CONVERSION = YES;
				CLANG_WARN_OBJC_ROOT_CLASS = YES_ERROR;
				CLANG_WARN_QUOTED_INCLUDE_IN_FRAMEWORK_HEADER = YES;
				CLANG_WARN_RANGE_LOOP_ANALYSIS = YES;
				CLANG_WARN_STRICT_PROTOTYPES = YES;
				CLANG_WARN_SUSPICIOUS_MOVE = YES;
				CLANG_WARN_UNGUARDED_AVAILABILITY = YES_AGGRESSIVE;
				CLANG_WARN_UNREACHABLE_CODE = YES;
				CLANG_WARN__DUPLICATE_METHOD_MATCH = YES;
				COPY_PHASE_STRIP = NO;
				DEBUG_INFORMATION_FORMAT = "dwarf-with-dsym";
				ENABLE_NS_ASSERTIONS = NO;
				ENABLE_STRICT_OBJC_MSGSEND = YES;
				ENABLE_USER_SCRIPT_SANDBOXING = YES;
				GCC_C_LANGUAGE_STANDARD = gnu17;
				GCC_NO_COMMON_BLOCKS = YES;
				GCC_WARN_64_TO_32_BIT_CONVERSION = YES;
				GCC_WARN_ABOUT_RETURN_TYPE = YES_ERROR;
				GCC_WARN_UNDECLARED_SELECTOR = YES;
				GCC_WARN_UNINITIALIZED_AUTOS = YES_AGGRESSIVE;
				GCC_WARN_UNUSED_FUNCTION = YES;
				GCC_WARN_UNUSED_VARIABLE = YES;
				LOCALIZATION_PREFERS_STRING_CATALOGS = YES;
				MTL_ENABLE_DEBUG_INFO = NO;
				MTL_FAST_MATH = YES;
				SWIFT_COMPILATION_MODE = wholemodule;
			};
			name = Release;
		};
		266E181F3036E3D800A58704 /* Debug */ = {
			isa = XCBuildConfiguration;
			baseConfigurationReference = F988F356712C687F2FD4C421 /* Pods-CurrencyConvertApp.debug.xcconfig */;
			buildSettings = {
				ASSETCATALOG_COMPILER_APPICON_NAME = AppIcon;
				ASSETCATALOG_COMPILER_GLOBAL_ACCENT_COLOR_NAME = AccentColor;
				CODE_SIGN_STYLE = Automatic;
				CURRENT_PROJECT_VERSION = 1;
				ENABLE_APP_SANDBOX = YES;
				ENABLE_PREVIEWS = YES;
				ENABLE_USER_SCRIPT_SANDBOXING = NO;
				ENABLE_USER_SELECTED_FILES = readonly;
				GENERATE_INFOPLIST_FILE = YES;
				"INFOPLIST_KEY_UIApplicationSceneManifest_Generation[sdk=iphoneos*]" = YES;
				"INFOPLIST_KEY_UIApplicationSceneManifest_Generation[sdk=iphonesimulator*]" = YES;
				"INFOPLIST_KEY_UIApplicationSupportsIndirectInputEvents[sdk=iphoneos*]" = YES;
				"INFOPLIST_KEY_UIApplicationSupportsIndirectInputEvents[sdk=iphonesimulator*]" = YES;
				"INFOPLIST_KEY_UILaunchScreen_Generation[sdk=iphoneos*]" = YES;
				"INFOPLIST_KEY_UILaunchScreen_Generation[sdk=iphonesimulator*]" = YES;
				"INFOPLIST_KEY_UIStatusBarStyle[sdk=iphoneos*]" = UIStatusBarStyleDefault;
				"INFOPLIST_KEY_UIStatusBarStyle[sdk=iphonesimulator*]" = UIStatusBarStyleDefault;
				INFOPLIST_KEY_UISupportedInterfaceOrientations = UIInterfaceOrientationPortrait;
				IPHONEOS_DEPLOYMENT_TARGET = 26.5;
				LD_RUNPATH_SEARCH_PATHS = "@executable_path/Frameworks";
				"LD_RUNPATH_SEARCH_PATHS[sdk=macosx*]" = "@executable_path/../Frameworks";
				MACOSX_DEPLOYMENT_TARGET = 26.5;
				MARKETING_VERSION = 1.0;
				PRODUCT_BUNDLE_IDENTIFIER = pixster.CurrencyConvertApp;
				PRODUCT_NAME = "$(TARGET_NAME)";
				REGISTER_APP_GROUPS = YES;
				SDKROOT = auto;
				STRING_CATALOG_GENERATE_SYMBOLS = YES;
				SUPPORTED_PLATFORMS = "iphoneos iphonesimulator";
				SUPPORTS_MACCATALYST = NO;
				SWIFT_APPROACHABLE_CONCURRENCY = YES;
				SWIFT_DEFAULT_ACTOR_ISOLATION = MainActor;
				SWIFT_EMIT_LOC_STRINGS = YES;
				SWIFT_UPCOMING_FEATURE_MEMBER_IMPORT_VISIBILITY = YES;
				SWIFT_VERSION = 5.0;
				TARGETED_DEVICE_FAMILY = "1,2";
				XROS_DEPLOYMENT_TARGET = 26.5;
			};
			name = Debug;
		};
		266E18203036E3D800A58704 /* Release */ = {
			isa = XCBuildConfiguration;
			baseConfigurationReference = 75E630A59890E759DFD175DE /* Pods-CurrencyConvertApp.release.xcconfig */;
			buildSettings = {
				ASSETCATALOG_COMPILER_APPICON_NAME = AppIcon;
				ASSETCATALOG_COMPILER_GLOBAL_ACCENT_COLOR_NAME = AccentColor;
				CODE_SIGN_STYLE = Automatic;
				CURRENT_PROJECT_VERSION = 1;
				ENABLE_APP_SANDBOX = YES;
				ENABLE_PREVIEWS = YES;
				ENABLE_USER_SCRIPT_SANDBOXING = NO;
				ENABLE_USER_SELECTED_FILES = readonly;
				GENERATE_INFOPLIST_FILE = YES;
				"INFOPLIST_KEY_UIApplicationSceneManifest_Generation[sdk=iphoneos*]" = YES;
				"INFOPLIST_KEY_UIApplicationSceneManifest_Generation[sdk=iphonesimulator*]" = YES;
				"INFOPLIST_KEY_UIApplicationSupportsIndirectInputEvents[sdk=iphoneos*]" = YES;
				"INFOPLIST_KEY_UIApplicationSupportsIndirectInputEvents[sdk=iphonesimulator*]" = YES;
				"INFOPLIST_KEY_UILaunchScreen_Generation[sdk=iphoneos*]" = YES;
				"INFOPLIST_KEY_UILaunchScreen_Generation[sdk=iphonesimulator*]" = YES;
				"INFOPLIST_KEY_UIStatusBarStyle[sdk=iphoneos*]" = UIStatusBarStyleDefault;
				"INFOPLIST_KEY_UIStatusBarStyle[sdk=iphonesimulator*]" = UIStatusBarStyleDefault;
				INFOPLIST_KEY_UISupportedInterfaceOrientations = UIInterfaceOrientationPortrait;
				IPHONEOS_DEPLOYMENT_TARGET = 26.5;
				LD_RUNPATH_SEARCH_PATHS = "@executable_path/Frameworks";
				"LD_RUNPATH_SEARCH_PATHS[sdk=macosx*]" = "@executable_path/../Frameworks";
				MACOSX_DEPLOYMENT_TARGET = 26.5;
				MARKETING_VERSION = 1.0;
				PRODUCT_BUNDLE_IDENTIFIER = pixster.CurrencyConvertApp;
				PRODUCT_NAME = "$(TARGET_NAME)";
				REGISTER_APP_GROUPS = YES;
				SDKROOT = auto;
				STRING_CATALOG_GENERATE_SYMBOLS = YES;
				SUPPORTED_PLATFORMS = "iphoneos iphonesimulator";
				SUPPORTS_MACCATALYST = NO;
				SWIFT_APPROACHABLE_CONCURRENCY = YES;
				SWIFT_DEFAULT_ACTOR_ISOLATION = MainActor;
				SWIFT_EMIT_LOC_STRINGS = YES;
				SWIFT_UPCOMING_FEATURE_MEMBER_IMPORT_VISIBILITY = YES;
				SWIFT_VERSION = 5.0;
				TARGETED_DEVICE_FAMILY = "1,2";
				XROS_DEPLOYMENT_TARGET = 26.5;
			};
			name = Release;
		};
/* End XCBuildConfiguration section */

/* Begin XCConfigurationList section */
		266E180E3036E3D700A58704 /* Build configuration list for PBXProject "CurrencyConvertApp" */ = {
			isa = XCConfigurationList;
			buildConfigurations = (
				266E181C3036E3D800A58704 /* Debug */,
				266E181D3036E3D800A58704 /* Release */,
			);
			defaultConfigurationIsVisible = 0;
			defaultConfigurationName = Release;
		};
		266E181E3036E3D800A58704 /* Build configuration list for PBXNativeTarget "CurrencyConvertApp" */ = {
			isa = XCConfigurationList;
			buildConfigurations = (
				266E181F3036E3D800A58704 /* Debug */,
				266E18203036E3D800A58704 /* Release */,
			);
			defaultConfigurationIsVisible = 0;
			defaultConfigurationName = Release;
		};
/* End XCConfigurationList section */
	};
	rootObject = 266E180B3036E3D700A58704 /* Project object */;
}
